[[package]]
name = "certifi"
version = "2023.7.22"
description = "Python package for providing Mozilla's CA Bundle."
category = "main"
optional = false
python-versions = ">=3.6"

[[package]]
name = "pylog"
version = "1.0.0"
description = "Loggig"
category = "main"
optional = false
  python-versions = ">=3.9,<3.11"
develop = true

[package.dependencies]
python-json-logger = "^2.0.7"

[package.source]
type = "directory"
url = "../../../python/pylog"

[[package]]
name = "python-json-logger"
version = "2.0.7"
description = "A python library adding a json log formatter"
category = "main"
optional = false
python-versions = ">=3.6"

[[package]]
name = "pytube"
version = "15.0.0"
description = "Python 3 library for downloading YouTube Videos."
category = "main"
optional = false
python-versions = ">=3.7"

[metadata]
lock-version = "1.1"
  python-versions = ">=3.9,<3.11"
content-hash = "3460f13d3204647bf10b0b7e49a6a4c9921472a08adef09c50a577e4915a34f3"

[metadata.files]
certifi = [
    {file = "certifi-2023.7.22-py3-none-any.whl", hash = "sha256:92d6037539857d8206b8f6ae472e8b77db8058fec5937a1ef3f54304089edbb9"},
    {file = "certifi-2023.7.22.tar.gz", hash = "sha256:539cc1d13202e33ca466e88b2807e29f4c13049d6d87031a3c110744495cb082"},
]
pylog = []
python-json-logger = [
    {file = "python-json-logger-2.0.7.tar.gz", hash = "sha256:23e7ec02d34237c5aa1e29a070193a4ea87583bb4e7f8fd06d3de8264c4b2e1c"},
    {file = "python_json_logger-2.0.7-py3-none-any.whl", hash = "sha256:f380b826a991ebbe3de4d897aeec42760035ac760345e57b812938dc8b35e2bd"},
]
pytube = [
    {file = "pytube-15.0.0-py3-none-any.whl", hash = "sha256:07b9904749e213485780d7eb606e5e5b8e4341aa4dccf699160876da00e12d78"},
    {file = "pytube-15.0.0.tar.gz", hash = "sha256:076052efe76f390dfa24b1194ff821d4e86c17d41cb5562f3a276a8bcbfc9d1d"},
]
